
Microsoft Visual Studio Solution File, Format Version 12.00
# Visual Studio Version 16
VisualStudioVersion = 16.0.32002.261
MinimumVisualStudioVersion = 10.0.40219.1
Project("{9A19103F-16F7-4668-BE54-9A1E7A4F7556}") = "PosStoneNfce.API.Portal", "PosStoneNfce.API.Portal.csproj", "{98A33899-45FD-4AA4-9237-490746972888}"
EndProject
Global
	GlobalSection(SolutionConfigurationPlatforms) = preSolution
		Debug|Any CPU = Debug|Any CPU
		Development|Any CPU = Development|Any CPU
		Production|Any CPU = Production|Any CPU
		Staging|Any CPU = Staging|Any CPU
		Laboratory|Any CPU = Laboratory|Any CPU
	EndGlobalSection
	GlobalSection(ProjectConfigurationPlatforms) = postSolution
		{98A33899-45FD-4AA4-9237-490746972888}.Debug|Any CPU.ActiveCfg = Debug|Any CPU
		{98A33899-45FD-4AA4-9237-490746972888}.Debug|Any CPU.Build.0 = Debug|Any CPU
		{98A33899-45FD-4AA4-9237-490746972888}.Development|Any CPU.ActiveCfg = Development|Any CPU
		{98A33899-45FD-4AA4-9237-490746972888}.Development|Any CPU.Build.0 = Development|Any CPU
		{98A33899-45FD-4AA4-9237-490746972888}.Production|Any CPU.ActiveCfg = Production|Any CPU
		{98A33899-45FD-4AA4-9237-490746972888}.Production|Any CPU.Build.0 = Production|Any CPU
		{98A33899-45FD-4AA4-9237-490746972888}.Staging|Any CPU.ActiveCfg = Staging|Any CPU
		{98A33899-45FD-4AA4-9237-490746972888}.Staging|Any CPU.Build.0 = Staging|Any CPU
		{98A33899-45FD-4AA4-9237-490746972888}.Laboratory|Any CPU.ActiveCfg = Laboratory|Any CPU
		{98A33899-45FD-4AA4-9237-490746972888}.Laboratory|Any CPU.Build.0 = Laboratory|Any CPU
	EndGlobalSection
	GlobalSection(SolutionProperties) = preSolution
		HideSolutionNode = FALSE
	EndGlobalSection
	GlobalSection(ExtensibilityGlobals) = postSolution
		SolutionGuid = {6E2D0582-7A8E-4083-B630-87240A9F4127}
	EndGlobalSection
EndGlobal
